// !$*UTF8*$!
{
	archiveVersion = 1;
	classes = {
	};
	objectVersion = 46;
	objects = {

/* Begin PBXBuildFile section */
		0091D8F90E81B9330029341E /* OpenGL.framework in Frameworks */ = {isa = PBXBuildFile; fileRef = 0091D8F80E81B9330029341E /* OpenGL.framework */; };
		00B784B30FF439BC000DE1D7 /* Accelerate.framework in Frameworks */ = {isa = PBXBuildFile; fileRef = 00B784AF0FF439BC000DE1D7 /* Accelerate.framework */; };
		00B784B40FF439BC000DE1D7 /* AudioToolbox.framework in Frameworks */ = {isa = PBXBuildFile; fileRef = 00B784B00FF439BC000DE1D7 /* AudioToolbox.framework */; };
		00B784B50FF439BC000DE1D7 /* AudioUnit.framework in Frameworks */ = {isa = PBXBuildFile; fileRef = 00B784B10FF439BC000DE1D7 /* AudioUnit.framework */; };
		00B784B60FF439BC000DE1D7 /* CoreAudio.framework in Frameworks */ = {isa = PBXBuildFile; fileRef = 00B784B20FF439BC000DE1D7 /* CoreAudio.framework */; };
		3C84470017827C7100B64DF6 /* AVFoundation.framework in Frameworks */ = {isa = PBXBuildFile; fileRef = 3C8446FF17827C7100B64DF6 /* AVFoundation.framework */; };
		3C84470317828C7000B64DF6 /* CoreMedia.framework in Frameworks */ = {isa = PBXBuildFile; fileRef = 3C84470217828C7000B64DF6 /* CoreMedia.framework */; };
		3C9032911789E71E009BDB67 /* AvfUtils.mm in Sources */ = {isa = PBXBuildFile; fileRef = 3C9032901789E71E009BDB67 /* AvfUtils.mm */; };
		3CA87C14178B05D900B4C712 /* CinderApp.icns in Resources */ = {isa = PBXBuildFile; fileRef = 82AD2A27721F42EC97B73A73 /* CinderApp.icns */; };
		3CA87C16178B05D900B4C712 /* Avf.mm in Sources */ = {isa = PBXBuildFile; fileRef = 41103DFF177CBACE00FDCBA5 /* Avf.mm */; };
		3CA87C18178B05D900B4C712 /* AvfUtils.mm in Sources */ = {isa = PBXBuildFile; fileRef = 3C9032901789E71E009BDB67 /* AvfUtils.mm */; };
		3CA87C1A178B05D900B4C712 /* CoreMedia.framework in Frameworks */ = {isa = PBXBuildFile; fileRef = 3C84470217828C7000B64DF6 /* CoreMedia.framework */; };
		3CA87C1B178B05D900B4C712 /* AVFoundation.framework in Frameworks */ = {isa = PBXBuildFile; fileRef = 3C8446FF17827C7100B64DF6 /* AVFoundation.framework */; };
		3CA87C1C178B05D900B4C712 /* Cocoa.framework in Frameworks */ = {isa = PBXBuildFile; fileRef = 1058C7A1FEA54F0111CA2CBB /* Cocoa.framework */; };
		3CA87C1D178B05D900B4C712 /* OpenGL.framework in Frameworks */ = {isa = PBXBuildFile; fileRef = 0091D8F80E81B9330029341E /* OpenGL.framework */; };
		3CA87C1E178B05D900B4C712 /* CoreVideo.framework in Frameworks */ = {isa = PBXBuildFile; fileRef = 5323E6B10EAFCA74003A9687 /* CoreVideo.framework */; };
		3CA87C1F178B05D900B4C712 /* QTKit.framework in Frameworks */ = {isa = PBXBuildFile; fileRef = 5323E6B50EAFCA7E003A9687 /* QTKit.framework */; };
		3CA87C20178B05D900B4C712 /* Accelerate.framework in Frameworks */ = {isa = PBXBuildFile; fileRef = 00B784AF0FF439BC000DE1D7 /* Accelerate.framework */; };
		3CA87C21178B05D900B4C712 /* AudioToolbox.framework in Frameworks */ = {isa = PBXBuildFile; fileRef = 00B784B00FF439BC000DE1D7 /* AudioToolbox.framework */; };
		3CA87C22178B05D900B4C712 /* AudioUnit.framework in Frameworks */ = {isa = PBXBuildFile; fileRef = 00B784B10FF439BC000DE1D7 /* AudioUnit.framework */; };
		3CA87C23178B05D900B4C712 /* CoreAudio.framework in Frameworks */ = {isa = PBXBuildFile; fileRef = 00B784B20FF439BC000DE1D7 /* CoreAudio.framework */; };
		3CA87C2A178B05FE00B4C712 /* MovieSurfaceTest.cpp in Sources */ = {isa = PBXBuildFile; fileRef = 3CA87C29178B05FE00B4C712 /* MovieSurfaceTest.cpp */; };
		3CA87C2D178B066D00B4C712 /* CinderApp.icns in Resources */ = {isa = PBXBuildFile; fileRef = 82AD2A27721F42EC97B73A73 /* CinderApp.icns */; };
		3CA87C2F178B066D00B4C712 /* Avf.mm in Sources */ = {isa = PBXBuildFile; fileRef = 41103DFF177CBACE00FDCBA5 /* Avf.mm */; };
		3CA87C30178B066D00B4C712 /* AvfUtils.mm in Sources */ = {isa = PBXBuildFile; fileRef = 3C9032901789E71E009BDB67 /* AvfUtils.mm */; };
		3CA87C33178B066D00B4C712 /* CoreMedia.framework in Frameworks */ = {isa = PBXBuildFile; fileRef = 3C84470217828C7000B64DF6 /* CoreMedia.framework */; };
		3CA87C34178B066D00B4C712 /* AVFoundation.framework in Frameworks */ = {isa = PBXBuildFile; fileRef = 3C8446FF17827C7100B64DF6 /* AVFoundation.framework */; };
		3CA87C35178B066D00B4C712 /* Cocoa.framework in Frameworks */ = {isa = PBXBuildFile; fileRef = 1058C7A1FEA54F0111CA2CBB /* Cocoa.framework */; };
		3CA87C36178B066D00B4C712 /* OpenGL.framework in Frameworks */ = {isa = PBXBuildFile; fileRef = 0091D8F80E81B9330029341E /* OpenGL.framework */; };
		3CA87C37178B066D00B4C712 /* CoreVideo.framework in Frameworks */ = {isa = PBXBuildFile; fileRef = 5323E6B10EAFCA74003A9687 /* CoreVideo.framework */; };
		3CA87C38178B066D00B4C712 /* QTKit.framework in Frameworks */ = {isa = PBXBuildFile; fileRef = 5323E6B50EAFCA7E003A9687 /* QTKit.framework */; };
		3CA87C39178B066D00B4C712 /* Accelerate.framework in Frameworks */ = {isa = PBXBuildFile; fileRef = 00B784AF0FF439BC000DE1D7 /* Accelerate.framework */; };
		3CA87C3A178B066D00B4C712 /* AudioToolbox.framework in Frameworks */ = {isa = PBXBuildFile; fileRef = 00B784B00FF439BC000DE1D7 /* AudioToolbox.framework */; };
		3CA87C3B178B066D00B4C712 /* AudioUnit.framework in Frameworks */ = {isa = PBXBuildFile; fileRef = 00B784B10FF439BC000DE1D7 /* AudioUnit.framework */; };
		3CA87C3C178B066D00B4C712 /* CoreAudio.framework in Frameworks */ = {isa = PBXBuildFile; fileRef = 00B784B20FF439BC000DE1D7 /* CoreAudio.framework */; };
		3CA87C43178B069300B4C712 /* MovieLoaderTest.cpp in Sources */ = {isa = PBXBuildFile; fileRef = 3CA87C42178B069300B4C712 /* MovieLoaderTest.cpp */; };
		3CA87C46178B077300B4C712 /* CinderApp.icns in Resources */ = {isa = PBXBuildFile; fileRef = 82AD2A27721F42EC97B73A73 /* CinderApp.icns */; };
		3CA87C48178B077300B4C712 /* Avf.mm in Sources */ = {isa = PBXBuildFile; fileRef = 41103DFF177CBACE00FDCBA5 /* Avf.mm */; };
		3CA87C49178B077300B4C712 /* AvfUtils.mm in Sources */ = {isa = PBXBuildFile; fileRef = 3C9032901789E71E009BDB67 /* AvfUtils.mm */; };
		3CA87C4C178B077300B4C712 /* CoreMedia.framework in Frameworks */ = {isa = PBXBuildFile; fileRef = 3C84470217828C7000B64DF6 /* CoreMedia.framework */; };
		3CA87C4D178B077300B4C712 /* AVFoundation.framework in Frameworks */ = {isa = PBXBuildFile; fileRef = 3C8446FF17827C7100B64DF6 /* AVFoundation.framework */; };
		3CA87C4E178B077300B4C712 /* Cocoa.framework in Frameworks */ = {isa = PBXBuildFile; fileRef = 1058C7A1FEA54F0111CA2CBB /* Cocoa.framework */; };
		3CA87C4F178B077300B4C712 /* OpenGL.framework in Frameworks */ = {isa = PBXBuildFile; fileRef = 0091D8F80E81B9330029341E /* OpenGL.framework */; };
		3CA87C50178B077300B4C712 /* CoreVideo.framework in Frameworks */ = {isa = PBXBuildFile; fileRef = 5323E6B10EAFCA74003A9687 /* CoreVideo.framework */; };
		3CA87C51178B077300B4C712 /* QTKit.framework in Frameworks */ = {isa = PBXBuildFile; fileRef = 5323E6B50EAFCA7E003A9687 /* QTKit.framework */; };
		3CA87C52178B077300B4C712 /* Accelerate.framework in Frameworks */ = {isa = PBXBuildFile; fileRef = 00B784AF0FF439BC000DE1D7 /* Accelerate.framework */; };
		3CA87C53178B077300B4C712 /* AudioToolbox.framework in Frameworks */ = {isa = PBXBuildFile; fileRef = 00B784B00FF439BC000DE1D7 /* AudioToolbox.framework */; };
		3CA87C54178B077300B4C712 /* AudioUnit.framework in Frameworks */ = {isa = PBXBuildFile; fileRef = 00B784B10FF439BC000DE1D7 /* AudioUnit.framework */; };
		3CA87C55178B077300B4C712 /* CoreAudio.framework in Frameworks */ = {isa = PBXBuildFile; fileRef = 00B784B20FF439BC000DE1D7 /* CoreAudio.framework */; };
		3CA87C5C178B07B100B4C712 /* MovieGlTest.cpp in Sources */ = {isa = PBXBuildFile; fileRef = 3CA87C5B178B07B100B4C712 /* MovieGlTest.cpp */; };
		41103E01177CBACE00FDCBA5 /* Avf.mm in Sources */ = {isa = PBXBuildFile; fileRef = 41103DFF177CBACE00FDCBA5 /* Avf.mm */; };
		41103E02177CBACE00FDCBA5 /* MacApp.cpp in Sources */ = {isa = PBXBuildFile; fileRef = 41103E00177CBACE00FDCBA5 /* MacApp.cpp */; };
		5323E6B20EAFCA74003A9687 /* CoreVideo.framework in Frameworks */ = {isa = PBXBuildFile; fileRef = 5323E6B10EAFCA74003A9687 /* CoreVideo.framework */; };
		5323E6B60EAFCA7E003A9687 /* QTKit.framework in Frameworks */ = {isa = PBXBuildFile; fileRef = 5323E6B50EAFCA7E003A9687 /* QTKit.framework */; };
		8D11072F0486CEB800E47090 /* Cocoa.framework in Frameworks */ = {isa = PBXBuildFile; fileRef = 1058C7A1FEA54F0111CA2CBB /* Cocoa.framework */; };
		E006721306BC4E9B889FA1D1 /* CinderApp.icns in Resources */ = {isa = PBXBuildFile; fileRef = 82AD2A27721F42EC97B73A73 /* CinderApp.icns */; };
/* End PBXBuildFile section */

/* Begin PBXFileReference section */
		0091D8F80E81B9330029341E /* OpenGL.framework */ = {isa = PBXFileReference; lastKnownFileType = wrapper.framework; name = OpenGL.framework; path = /System/Library/Frameworks/OpenGL.framework; sourceTree = "<absolute>"; };
		00B784AF0FF439BC000DE1D7 /* Accelerate.framework */ = {isa = PBXFileReference; lastKnownFileType = wrapper.framework; name = Accelerate.framework; path = System/Library/Frameworks/Accelerate.framework; sourceTree = SDKROOT; };
		00B784B00FF439BC000DE1D7 /* AudioToolbox.framework */ = {isa = PBXFileReference; lastKnownFileType = wrapper.framework; name = AudioToolbox.framework; path = System/Library/Frameworks/AudioToolbox.framework; sourceTree = SDKROOT; };
		00B784B10FF439BC000DE1D7 /* AudioUnit.framework */ = {isa = PBXFileReference; lastKnownFileType = wrapper.framework; name = AudioUnit.framework; path = System/Library/Frameworks/AudioUnit.framework; sourceTree = SDKROOT; };
		00B784B20FF439BC000DE1D7 /* CoreAudio.framework */ = {isa = PBXFileReference; lastKnownFileType = wrapper.framework; name = CoreAudio.framework; path = System/Library/Frameworks/CoreAudio.framework; sourceTree = SDKROOT; };
		1058C7A1FEA54F0111CA2CBB /* Cocoa.framework */ = {isa = PBXFileReference; lastKnownFileType = wrapper.framework; name = Cocoa.framework; path = /System/Library/Frameworks/Cocoa.framework; sourceTree = "<absolute>"; };
		29B97324FDCFA39411CA2CEA /* AppKit.framework */ = {isa = PBXFileReference; lastKnownFileType = wrapper.framework; name = AppKit.framework; path = /System/Library/Frameworks/AppKit.framework; sourceTree = "<absolute>"; };
		29B97325FDCFA39411CA2CEA /* Foundation.framework */ = {isa = PBXFileReference; lastKnownFileType = wrapper.framework; name = Foundation.framework; path = /System/Library/Frameworks/Foundation.framework; sourceTree = "<absolute>"; };
		3C8446FF17827C7100B64DF6 /* AVFoundation.framework */ = {isa = PBXFileReference; lastKnownFileType = wrapper.framework; name = AVFoundation.framework; path = System/Library/Frameworks/AVFoundation.framework; sourceTree = SDKROOT; };
		3C84470217828C7000B64DF6 /* CoreMedia.framework */ = {isa = PBXFileReference; lastKnownFileType = wrapper.framework; name = CoreMedia.framework; path = System/Library/Frameworks/CoreMedia.framework; sourceTree = SDKROOT; };
		3C90328F1789E715009BDB67 /* AvfUtils.h */ = {isa = PBXFileReference; fileEncoding = 4; lastKnownFileType = sourcecode.c.h; name = AvfUtils.h; path = ../include/AvfUtils.h; sourceTree = "<group>"; };
		3C9032901789E71E009BDB67 /* AvfUtils.mm */ = {isa = PBXFileReference; fileEncoding = 4; lastKnownFileType = sourcecode.cpp.objcpp; name = AvfUtils.mm; path = ../src/AvfUtils.mm; sourceTree = "<group>"; };
		3CA87C27178B05D900B4C712 /* MovieSurfaceTestApp.app */ = {isa = PBXFileReference; explicitFileType = wrapper.application; includeInIndex = 0; path = MovieSurfaceTestApp.app; sourceTree = BUILT_PRODUCTS_DIR; };
		3CA87C28178B05D900B4C712 /* Info-MovieSurfaceTest.plist */ = {isa = PBXFileReference; lastKnownFileType = text.plist.xml; name = "Info-MovieSurfaceTest.plist"; path = "/Users/Caleb/Development/OpenSource/CinderAvfPort/xcode/Info-MovieSurfaceTest.plist"; sourceTree = "<absolute>"; };
		3CA87C29178B05FE00B4C712 /* MovieSurfaceTest.cpp */ = {isa = PBXFileReference; fileEncoding = 4; lastKnownFileType = sourcecode.cpp.cpp; name = MovieSurfaceTest.cpp; path = ../src/MovieSurfaceTest.cpp; sourceTree = "<group>"; };
		3CA87C40178B066D00B4C712 /* MovieLoaderTestApp.app */ = {isa = PBXFileReference; explicitFileType = wrapper.application; includeInIndex = 0; path = MovieLoaderTestApp.app; sourceTree = BUILT_PRODUCTS_DIR; };
		3CA87C41178B066D00B4C712 /* Info-MovieLoaderTest.plist */ = {isa = PBXFileReference; lastKnownFileType = text.plist.xml; name = "Info-MovieLoaderTest.plist"; path = "/Users/Caleb/Development/OpenSource/CinderAvfPort/xcode/Info-MovieLoaderTest.plist"; sourceTree = "<absolute>"; };
		3CA87C42178B069300B4C712 /* MovieLoaderTest.cpp */ = {isa = PBXFileReference; fileEncoding = 4; lastKnownFileType = sourcecode.cpp.cpp; name = MovieLoaderTest.cpp; path = ../src/MovieLoaderTest.cpp; sourceTree = "<group>"; };
		3CA87C59178B077300B4C712 /* MovieGlTestApp.app */ = {isa = PBXFileReference; explicitFileType = wrapper.application; includeInIndex = 0; path = MovieGlTestApp.app; sourceTree = BUILT_PRODUCTS_DIR; };
		3CA87C5A178B077400B4C712 /* Info-MovieGlTest.plist */ = {isa = PBXFileReference; lastKnownFileType = text.plist.xml; name = "Info-MovieGlTest.plist"; path = "/Users/Caleb/Development/OpenSource/CinderAvfPort/xcode/Info-MovieGlTest.plist"; sourceTree = "<absolute>"; };
		3CA87C5B178B07B100B4C712 /* MovieGlTest.cpp */ = {isa = PBXFileReference; fileEncoding = 4; lastKnownFileType = sourcecode.cpp.cpp; name = MovieGlTest.cpp; path = ../src/MovieGlTest.cpp; sourceTree = "<group>"; };
		41103DFF177CBACE00FDCBA5 /* Avf.mm */ = {isa = PBXFileReference; fileEncoding = 4; lastKnownFileType = sourcecode.cpp.objcpp; name = Avf.mm; path = ../src/Avf.mm; sourceTree = "<group>"; };
		41103E00177CBACE00FDCBA5 /* MacApp.cpp */ = {isa = PBXFileReference; fileEncoding = 4; lastKnownFileType = sourcecode.cpp.cpp; name = MacApp.cpp; path = ../src/MacApp.cpp; sourceTree = "<group>"; };
		41103E03177CBAD700FDCBA5 /* Avf.h */ = {isa = PBXFileReference; fileEncoding = 4; lastKnownFileType = sourcecode.c.h; name = Avf.h; path = ../include/Avf.h; sourceTree = "<group>"; };
		43CD296EECE34D4A91C9617B /* Cinder-AvfImpl_Prefix.pch */ = {isa = PBXFileReference; lastKnownFileType = sourcecode.c.h; path = "Cinder-AvfImpl_Prefix.pch"; sourceTree = "<group>"; };
		450E59814F334F2894C9CF52 /* Resources.h */ = {isa = PBXFileReference; lastKnownFileType = sourcecode.c.h; name = Resources.h; path = ../include/Resources.h; sourceTree = "<group>"; };
		5323E6B10EAFCA74003A9687 /* CoreVideo.framework */ = {isa = PBXFileReference; lastKnownFileType = wrapper.framework; name = CoreVideo.framework; path = /System/Library/Frameworks/CoreVideo.framework; sourceTree = "<absolute>"; };
		5323E6B50EAFCA7E003A9687 /* QTKit.framework */ = {isa = PBXFileReference; lastKnownFileType = wrapper.framework; name = QTKit.framework; path = /System/Library/Frameworks/QTKit.framework; sourceTree = "<absolute>"; };
		82AD2A27721F42EC97B73A73 /* CinderApp.icns */ = {isa = PBXFileReference; lastKnownFileType = image.icns; name = CinderApp.icns; path = ../resources/CinderApp.icns; sourceTree = "<group>"; };
		8D1107320486CEB800E47090 /* Cinder-AvfImpl.app */ = {isa = PBXFileReference; explicitFileType = wrapper.application; includeInIndex = 0; path = "Cinder-AvfImpl.app"; sourceTree = BUILT_PRODUCTS_DIR; };
		BCB8AF78A6494706BC9938AC /* Info.plist */ = {isa = PBXFileReference; lastKnownFileType = text.plist.xml; path = Info.plist; sourceTree = "<group>"; };
/* End PBXFileReference section */

/* Begin PBXFrameworksBuildPhase section */
		3CA87C19178B05D900B4C712 /* Frameworks */ = {
			isa = PBXFrameworksBuildPhase;
			buildActionMask = 2147483647;
			files = (
				3CA87C1A178B05D900B4C712 /* CoreMedia.framework in Frameworks */,
				3CA87C1B178B05D900B4C712 /* AVFoundation.framework in Frameworks */,
				3CA87C1C178B05D900B4C712 /* Cocoa.framework in Frameworks */,
				3CA87C1D178B05D900B4C712 /* OpenGL.framework in Frameworks */,
				3CA87C1E178B05D900B4C712 /* CoreVideo.framework in Frameworks */,
				3CA87C1F178B05D900B4C712 /* QTKit.framework in Frameworks */,
				3CA87C20178B05D900B4C712 /* Accelerate.framework in Frameworks */,
				3CA87C21178B05D900B4C712 /* AudioToolbox.framework in Frameworks */,
				3CA87C22178B05D900B4C712 /* AudioUnit.framework in Frameworks */,
				3CA87C23178B05D900B4C712 /* CoreAudio.framework in Frameworks */,
			);
			runOnlyForDeploymentPostprocessing = 0;
		};
		3CA87C32178B066D00B4C712 /* Frameworks */ = {
			isa = PBXFrameworksBuildPhase;
			buildActionMask = 2147483647;
			files = (
				3CA87C33178B066D00B4C712 /* CoreMedia.framework in Frameworks */,
				3CA87C34178B066D00B4C712 /* AVFoundation.framework in Frameworks */,
				3CA87C35178B066D00B4C712 /* Cocoa.framework in Frameworks */,
				3CA87C36178B066D00B4C712 /* OpenGL.framework in Frameworks */,
				3CA87C37178B066D00B4C712 /* CoreVideo.framework in Frameworks */,
				3CA87C38178B066D00B4C712 /* QTKit.framework in Frameworks */,
				3CA87C39178B066D00B4C712 /* Accelerate.framework in Frameworks */,
				3CA87C3A178B066D00B4C712 /* AudioToolbox.framework in Frameworks */,
				3CA87C3B178B066D00B4C712 /* AudioUnit.framework in Frameworks */,
				3CA87C3C178B066D00B4C712 /* CoreAudio.framework in Frameworks */,
			);
			runOnlyForDeploymentPostprocessing = 0;
		};
		3CA87C4B178B077300B4C712 /* Frameworks */ = {
			isa = PBXFrameworksBuildPhase;
			buildActionMask = 2147483647;
			files = (
				3CA87C4C178B077300B4C712 /* CoreMedia.framework in Frameworks */,
				3CA87C4D178B077300B4C712 /* AVFoundation.framework in Frameworks */,
				3CA87C4E178B077300B4C712 /* Cocoa.framework in Frameworks */,
				3CA87C4F178B077300B4C712 /* OpenGL.framework in Frameworks */,
				3CA87C50178B077300B4C712 /* CoreVideo.framework in Frameworks */,
				3CA87C51178B077300B4C712 /* QTKit.framework in Frameworks */,
				3CA87C52178B077300B4C712 /* Accelerate.framework in Frameworks */,
				3CA87C53178B077300B4C712 /* AudioToolbox.framework in Frameworks */,
				3CA87C54178B077300B4C712 /* AudioUnit.framework in Frameworks */,
				3CA87C55178B077300B4C712 /* CoreAudio.framework in Frameworks */,
			);
			runOnlyForDeploymentPostprocessing = 0;
		};
		8D11072E0486CEB800E47090 /* Frameworks */ = {
			isa = PBXFrameworksBuildPhase;
			buildActionMask = 2147483647;
			files = (
				3C84470317828C7000B64DF6 /* CoreMedia.framework in Frameworks */,
				3C84470017827C7100B64DF6 /* AVFoundation.framework in Frameworks */,
				8D11072F0486CEB800E47090 /* Cocoa.framework in Frameworks */,
				0091D8F90E81B9330029341E /* OpenGL.framework in Frameworks */,
				5323E6B20EAFCA74003A9687 /* CoreVideo.framework in Frameworks */,
				5323E6B60EAFCA7E003A9687 /* QTKit.framework in Frameworks */,
				00B784B30FF439BC000DE1D7 /* Accelerate.framework in Frameworks */,
				00B784B40FF439BC000DE1D7 /* AudioToolbox.framework in Frameworks */,
				00B784B50FF439BC000DE1D7 /* AudioUnit.framework in Frameworks */,
				00B784B60FF439BC000DE1D7 /* CoreAudio.framework in Frameworks */,
			);
			runOnlyForDeploymentPostprocessing = 0;
		};
/* End PBXFrameworksBuildPhase section */

/* Begin PBXGroup section */
		01B97315FEAEA392516A2CEA /* Blocks */ = {
			isa = PBXGroup;
			children = (
			);
			name = Blocks;
			sourceTree = "<group>";
		};
		080E96DDFE201D6D7F000001 /* Source */ = {
			isa = PBXGroup;
			children = (
				41103DFF177CBACE00FDCBA5 /* Avf.mm */,
				3C9032901789E71E009BDB67 /* AvfUtils.mm */,
				41103E00177CBACE00FDCBA5 /* MacApp.cpp */,
				3CA87C5B178B07B100B4C712 /* MovieGlTest.cpp */,
				3CA87C42178B069300B4C712 /* MovieLoaderTest.cpp */,
				3CA87C29178B05FE00B4C712 /* MovieSurfaceTest.cpp */,
			);
			name = Source;
			sourceTree = "<group>";
		};
		1058C7A0FEA54F0111CA2CBB /* Linked Frameworks */ = {
			isa = PBXGroup;
			children = (
				3C84470217828C7000B64DF6 /* CoreMedia.framework */,
				3C8446FF17827C7100B64DF6 /* AVFoundation.framework */,
				00B784AF0FF439BC000DE1D7 /* Accelerate.framework */,
				00B784B00FF439BC000DE1D7 /* AudioToolbox.framework */,
				00B784B10FF439BC000DE1D7 /* AudioUnit.framework */,
				00B784B20FF439BC000DE1D7 /* CoreAudio.framework */,
				5323E6B50EAFCA7E003A9687 /* QTKit.framework */,
				5323E6B10EAFCA74003A9687 /* CoreVideo.framework */,
				0091D8F80E81B9330029341E /* OpenGL.framework */,
				1058C7A1FEA54F0111CA2CBB /* Cocoa.framework */,
			);
			name = "Linked Frameworks";
			sourceTree = "<group>";
		};
		1058C7A2FEA54F0111CA2CBB /* Other Frameworks */ = {
			isa = PBXGroup;
			children = (
				29B97324FDCFA39411CA2CEA /* AppKit.framework */,
				29B97325FDCFA39411CA2CEA /* Foundation.framework */,
			);
			name = "Other Frameworks";
			sourceTree = "<group>";
		};
		19C28FACFE9D520D11CA2CBB /* Products */ = {
			isa = PBXGroup;
			children = (
				8D1107320486CEB800E47090 /* Cinder-AvfImpl.app */,
				3CA87C27178B05D900B4C712 /* MovieSurfaceTestApp.app */,
				3CA87C40178B066D00B4C712 /* MovieLoaderTestApp.app */,
				3CA87C59178B077300B4C712 /* MovieGlTestApp.app */,
			);
			name = Products;
			sourceTree = "<group>";
		};
		29B97314FDCFA39411CA2CEA /* CinderAvfPort */ = {
			isa = PBXGroup;
			children = (
				01B97315FEAEA392516A2CEA /* Blocks */,
				29B97315FDCFA39411CA2CEA /* Headers */,
				080E96DDFE201D6D7F000001 /* Source */,
				29B97317FDCFA39411CA2CEA /* Resources */,
				29B97323FDCFA39411CA2CEA /* Frameworks */,
				19C28FACFE9D520D11CA2CBB /* Products */,
			);
			name = CinderAvfPort;
			sourceTree = "<group>";
		};
		29B97315FDCFA39411CA2CEA /* Headers */ = {
			isa = PBXGroup;
			children = (
				41103E03177CBAD700FDCBA5 /* Avf.h */,
				3C90328F1789E715009BDB67 /* AvfUtils.h */,
				450E59814F334F2894C9CF52 /* Resources.h */,
				43CD296EECE34D4A91C9617B /* Cinder-AvfImpl_Prefix.pch */,
			);
			name = Headers;
			sourceTree = "<group>";
		};
		29B97317FDCFA39411CA2CEA /* Resources */ = {
			isa = PBXGroup;
			children = (
				82AD2A27721F42EC97B73A73 /* CinderApp.icns */,
				BCB8AF78A6494706BC9938AC /* Info.plist */,
				3CA87C5A178B077400B4C712 /* Info-MovieGlTest.plist */,
				3CA87C28178B05D900B4C712 /* Info-MovieSurfaceTest.plist */,
				3CA87C41178B066D00B4C712 /* Info-MovieLoaderTest.plist */,
			);
			name = Resources;
			sourceTree = "<group>";
		};
		29B97323FDCFA39411CA2CEA /* Frameworks */ = {
			isa = PBXGroup;
			children = (
				1058C7A0FEA54F0111CA2CBB /* Linked Frameworks */,
				1058C7A2FEA54F0111CA2CBB /* Other Frameworks */,
			);
			name = Frameworks;
			sourceTree = "<group>";
		};
/* End PBXGroup section */

/* Begin PBXNativeTarget section */
		3CA87C12178B05D900B4C712 /* MovieSurfaceTest */ = {
			isa = PBXNativeTarget;
			buildConfigurationList = 3CA87C24178B05D900B4C712 /* Build configuration list for PBXNativeTarget "MovieSurfaceTest" */;
			buildPhases = (
				3CA87C13178B05D900B4C712 /* Resources */,
				3CA87C15178B05D900B4C712 /* Sources */,
				3CA87C19178B05D900B4C712 /* Frameworks */,
			);
			buildRules = (
			);
			dependencies = (
			);
			name = MovieSurfaceTest;
			productInstallPath = "$(HOME)/Applications";
			productName = CinderAvfPort;
			productReference = 3CA87C27178B05D900B4C712 /* MovieSurfaceTestApp.app */;
			productType = "com.apple.product-type.application";
		};
		3CA87C2B178B066D00B4C712 /* MovieLoaderTest */ = {
			isa = PBXNativeTarget;
			buildConfigurationList = 3CA87C3D178B066D00B4C712 /* Build configuration list for PBXNativeTarget "MovieLoaderTest" */;
			buildPhases = (
				3CA87C2C178B066D00B4C712 /* Resources */,
				3CA87C2E178B066D00B4C712 /* Sources */,
				3CA87C32178B066D00B4C712 /* Frameworks */,
			);
			buildRules = (
			);
			dependencies = (
			);
			name = MovieLoaderTest;
			productInstallPath = "$(HOME)/Applications";
			productName = CinderAvfPort;
			productReference = 3CA87C40178B066D00B4C712 /* MovieLoaderTestApp.app */;
			productType = "com.apple.product-type.application";
		};
		3CA87C44178B077300B4C712 /* MovieGlTest */ = {
			isa = PBXNativeTarget;
			buildConfigurationList = 3CA87C56178B077300B4C712 /* Build configuration list for PBXNativeTarget "MovieGlTest" */;
			buildPhases = (
				3CA87C45178B077300B4C712 /* Resources */,
				3CA87C47178B077300B4C712 /* Sources */,
				3CA87C4B178B077300B4C712 /* Frameworks */,
			);
			buildRules = (
			);
			dependencies = (
			);
			name = MovieGlTest;
			productInstallPath = "$(HOME)/Applications";
			productName = CinderAvfPort;
			productReference = 3CA87C59178B077300B4C712 /* MovieGlTestApp.app */;
			productType = "com.apple.product-type.application";
		};
		8D1107260486CEB800E47090 /* Cinder-AvfImpl */ = {
			isa = PBXNativeTarget;
			buildConfigurationList = C01FCF4A08A954540054247B /* Build configuration list for PBXNativeTarget "Cinder-AvfImpl" */;
			buildPhases = (
				8D1107290486CEB800E47090 /* Resources */,
				8D11072C0486CEB800E47090 /* Sources */,
				8D11072E0486CEB800E47090 /* Frameworks */,
			);
			buildRules = (
			);
			dependencies = (
			);
			name = "Cinder-AvfImpl";
			productInstallPath = "$(HOME)/Applications";
			productName = CinderAvfPort;
			productReference = 8D1107320486CEB800E47090 /* Cinder-AvfImpl.app */;
			productType = "com.apple.product-type.application";
		};
/* End PBXNativeTarget section */

/* Begin PBXProject section */
		29B97313FDCFA39411CA2CEA /* Project object */ = {
			isa = PBXProject;
			buildConfigurationList = C01FCF4E08A954540054247B /* Build configuration list for PBXProject "Cinder-AvfImpl" */;
			compatibilityVersion = "Xcode 3.2";
			developmentRegion = English;
			hasScannedForEncodings = 1;
			knownRegions = (
				English,
				Japanese,
				French,
				German,
			);
			mainGroup = 29B97314FDCFA39411CA2CEA /* CinderAvfPort */;
			projectDirPath = "";
			projectRoot = "";
			targets = (
				8D1107260486CEB800E47090 /* Cinder-AvfImpl */,
				3CA87C44178B077300B4C712 /* MovieGlTest */,
				3CA87C12178B05D900B4C712 /* MovieSurfaceTest */,
				3CA87C2B178B066D00B4C712 /* MovieLoaderTest */,
			);
		};
/* End PBXProject section */

/* Begin PBXResourcesBuildPhase section */
		3CA87C13178B05D900B4C712 /* Resources */ = {
			isa = PBXResourcesBuildPhase;
			buildActionMask = 2147483647;
			files = (
				3CA87C14178B05D900B4C712 /* CinderApp.icns in Resources */,
			);
			runOnlyForDeploymentPostprocessing = 0;
		};
		3CA87C2C178B066D00B4C712 /* Resources */ = {
			isa = PBXResourcesBuildPhase;
			buildActionMask = 2147483647;
			files = (
				3CA87C2D178B066D00B4C712 /* CinderApp.icns in Resources */,
			);
			runOnlyForDeploymentPostprocessing = 0;
		};
		3CA87C45178B077300B4C712 /* Resources */ = {
			isa = PBXResourcesBuildPhase;
			buildActionMask = 2147483647;
			files = (
				3CA87C46178B077300B4C712 /* CinderApp.icns in Resources */,
			);
			runOnlyForDeploymentPostprocessing = 0;
		};
		8D1107290486CEB800E47090 /* Resources */ = {
			isa = PBXResourcesBuildPhase;
			buildActionMask = 2147483647;
			files = (
				E006721306BC4E9B889FA1D1 /* CinderApp.icns in Resources */,
			);
			runOnlyForDeploymentPostprocessing = 0;
		};
/* End PBXResourcesBuildPhase section */

/* Begin PBXSourcesBuildPhase section */
		3CA87C15178B05D900B4C712 /* Sources */ = {
			isa = PBXSourcesBuildPhase;
			buildActionMask = 2147483647;
			files = (
				3CA87C16178B05D900B4C712 /* Avf.mm in Sources */,
				3CA87C18178B05D900B4C712 /* AvfUtils.mm in Sources */,
				3CA87C2A178B05FE00B4C712 /* MovieSurfaceTest.cpp in Sources */,
			);
			runOnlyForDeploymentPostprocessing = 0;
		};
		3CA87C2E178B066D00B4C712 /* Sources */ = {
			isa = PBXSourcesBuildPhase;
			buildActionMask = 2147483647;
			files = (
				3CA87C2F178B066D00B4C712 /* Avf.mm in Sources */,
				3CA87C30178B066D00B4C712 /* AvfUtils.mm in Sources */,
				3CA87C43178B069300B4C712 /* MovieLoaderTest.cpp in Sources */,
			);
			runOnlyForDeploymentPostprocessing = 0;
		};
		3CA87C47178B077300B4C712 /* Sources */ = {
			isa = PBXSourcesBuildPhase;
			buildActionMask = 2147483647;
			files = (
				3CA87C48178B077300B4C712 /* Avf.mm in Sources */,
				3CA87C49178B077300B4C712 /* AvfUtils.mm in Sources */,
				3CA87C5C178B07B100B4C712 /* MovieGlTest.cpp in Sources */,
			);
			runOnlyForDeploymentPostprocessing = 0;
		};
		8D11072C0486CEB800E47090 /* Sources */ = {
			isa = PBXSourcesBuildPhase;
			buildActionMask = 2147483647;
			files = (
				41103E01177CBACE00FDCBA5 /* Avf.mm in Sources */,
				41103E02177CBACE00FDCBA5 /* MacApp.cpp in Sources */,
				3C9032911789E71E009BDB67 /* AvfUtils.mm in Sources */,
			);
			runOnlyForDeploymentPostprocessing = 0;
		};
/* End PBXSourcesBuildPhase section */

/* Begin XCBuildConfiguration section */
		3CA87C25178B05D900B4C712 /* Debug */ = {
			isa = XCBuildConfiguration;
			buildSettings = {
				COMBINE_HIDPI_IMAGES = YES;
				COPY_PHASE_STRIP = NO;
				DEAD_CODE_STRIPPING = YES;
				GCC_DYNAMIC_NO_PIC = NO;
				GCC_INLINES_ARE_PRIVATE_EXTERN = YES;
				GCC_OPTIMIZATION_LEVEL = 0;
				GCC_PRECOMPILE_PREFIX_HEADER = YES;
				GCC_PREFIX_HEADER = "Cinder-AvfImpl_Prefix.pch";
				GCC_PREPROCESSOR_DEFINITIONS = (
					"DEBUG=1",
					"$(inherited)",
				);
				GCC_SYMBOLS_PRIVATE_EXTERN = NO;
				INFOPLIST_FILE = "Info-MovieSurfaceTest.plist";
				INSTALL_PATH = "$(HOME)/Applications";
				OTHER_LDFLAGS = "\"$(CINDER_PATH)/lib/libcinder_d.a\"";
				PRODUCT_NAME = MovieSurfaceTestApp;
				SYMROOT = ./build;
				WRAPPER_EXTENSION = app;
			};
			name = Debug;
		};
		3CA87C26178B05D900B4C712 /* Release */ = {
			isa = XCBuildConfiguration;
			buildSettings = {
				COMBINE_HIDPI_IMAGES = YES;
				DEAD_CODE_STRIPPING = YES;
				DEBUG_INFORMATION_FORMAT = "dwarf-with-dsym";
				GCC_FAST_MATH = YES;
				GCC_GENERATE_DEBUGGING_SYMBOLS = NO;
				GCC_INLINES_ARE_PRIVATE_EXTERN = YES;
				GCC_OPTIMIZATION_LEVEL = 3;
				GCC_PRECOMPILE_PREFIX_HEADER = YES;
				GCC_PREFIX_HEADER = "Cinder-AvfImpl_Prefix.pch";
				GCC_SYMBOLS_PRIVATE_EXTERN = NO;
				INFOPLIST_FILE = "Info-MovieSurfaceTest.plist";
				INSTALL_PATH = "$(HOME)/Applications";
				OTHER_LDFLAGS = "\"$(CINDER_PATH)/lib/libcinder.a\"";
				PRODUCT_NAME = MovieSurfaceTestApp;
				STRIP_INSTALLED_PRODUCT = YES;
				SYMROOT = ./build;
				WRAPPER_EXTENSION = app;
			};
			name = Release;
		};
		3CA87C3E178B066D00B4C712 /* Debug */ = {
			isa = XCBuildConfiguration;
			buildSettings = {
				COMBINE_HIDPI_IMAGES = YES;
				COPY_PHASE_STRIP = NO;
				DEAD_CODE_STRIPPING = YES;
				GCC_DYNAMIC_NO_PIC = NO;
				GCC_INLINES_ARE_PRIVATE_EXTERN = YES;
				GCC_OPTIMIZATION_LEVEL = 0;
				GCC_PRECOMPILE_PREFIX_HEADER = YES;
				GCC_PREFIX_HEADER = "Cinder-AvfImpl_Prefix.pch";
				GCC_PREPROCESSOR_DEFINITIONS = (
					"DEBUG=1",
					"$(inherited)",
				);
				GCC_SYMBOLS_PRIVATE_EXTERN = NO;
				INFOPLIST_FILE = "Info-MovieSurfaceTest.plist";
				INSTALL_PATH = "$(HOME)/Applications";
				OTHER_LDFLAGS = "\"$(CINDER_PATH)/lib/libcinder_d.a\"";
				PRODUCT_NAME = MovieLoaderTestApp;
				SYMROOT = ./build;
				WRAPPER_EXTENSION = app;
			};
			name = Debug;
		};
		3CA87C3F178B066D00B4C712 /* Release */ = {
			isa = XCBuildConfiguration;
			buildSettings = {
				COMBINE_HIDPI_IMAGES = YES;
				DEAD_CODE_STRIPPING = YES;
				DEBUG_INFORMATION_FORMAT = "dwarf-with-dsym";
				GCC_FAST_MATH = YES;
				GCC_GENERATE_DEBUGGING_SYMBOLS = NO;
				GCC_INLINES_ARE_PRIVATE_EXTERN = YES;
				GCC_OPTIMIZATION_LEVEL = 3;
				GCC_PRECOMPILE_PREFIX_HEADER = YES;
				GCC_PREFIX_HEADER = "Cinder-AvfImpl_Prefix.pch";
				GCC_SYMBOLS_PRIVATE_EXTERN = NO;
				INFOPLIST_FILE = "Info-MovieSurfaceTest.plist";
				INSTALL_PATH = "$(HOME)/Applications";
				OTHER_LDFLAGS = "\"$(CINDER_PATH)/lib/libcinder.a\"";
				PRODUCT_NAME = MovieLoaderTestApp;
				STRIP_INSTALLED_PRODUCT = YES;
				SYMROOT = ./build;
				WRAPPER_EXTENSION = app;
			};
			name = Release;
		};
		3CA87C57178B077300B4C712 /* Debug */ = {
			isa = XCBuildConfiguration;
			buildSettings = {
				COMBINE_HIDPI_IMAGES = YES;
				COPY_PHASE_STRIP = NO;
				DEAD_CODE_STRIPPING = YES;
				GCC_DYNAMIC_NO_PIC = NO;
				GCC_INLINES_ARE_PRIVATE_EXTERN = YES;
				GCC_OPTIMIZATION_LEVEL = 0;
				GCC_PRECOMPILE_PREFIX_HEADER = YES;
				GCC_PREFIX_HEADER = "Cinder-AvfImpl_Prefix.pch";
				GCC_PREPROCESSOR_DEFINITIONS = (
					"DEBUG=1",
					"$(inherited)",
				);
				GCC_SYMBOLS_PRIVATE_EXTERN = NO;
				INFOPLIST_FILE = "Info-MovieGlTest.plist";
				INSTALL_PATH = "$(HOME)/Applications";
				OTHER_LDFLAGS = "\"$(CINDER_PATH)/lib/libcinder_d.a\"";
				PRODUCT_NAME = MovieGlTestApp;
				SYMROOT = ./build;
				WRAPPER_EXTENSION = app;
			};
			name = Debug;
		};
		3CA87C58178B077300B4C712 /* Release */ = {
			isa = XCBuildConfiguration;
			buildSettings = {
				COMBINE_HIDPI_IMAGES = YES;
				DEAD_CODE_STRIPPING = YES;
				DEBUG_INFORMATION_FORMAT = "dwarf-with-dsym";
				GCC_FAST_MATH = YES;
				GCC_GENERATE_DEBUGGING_SYMBOLS = NO;
				GCC_INLINES_ARE_PRIVATE_EXTERN = YES;
				GCC_OPTIMIZATION_LEVEL = 3;
				GCC_PRECOMPILE_PREFIX_HEADER = YES;
				GCC_PREFIX_HEADER = "Cinder-AvfImpl_Prefix.pch";
				GCC_SYMBOLS_PRIVATE_EXTERN = NO;
				INFOPLIST_FILE = "Info-MovieGlTest.plist";
				INSTALL_PATH = "$(HOME)/Applications";
				OTHER_LDFLAGS = "\"$(CINDER_PATH)/lib/libcinder.a\"";
				PRODUCT_NAME = MovieGlTestApp;
				STRIP_INSTALLED_PRODUCT = YES;
				SYMROOT = ./build;
				WRAPPER_EXTENSION = app;
			};
			name = Release;
		};
		C01FCF4B08A954540054247B /* Debug */ = {
			isa = XCBuildConfiguration;
			buildSettings = {
				COMBINE_HIDPI_IMAGES = YES;
				COPY_PHASE_STRIP = NO;
				DEAD_CODE_STRIPPING = YES;
				GCC_DYNAMIC_NO_PIC = NO;
				GCC_INLINES_ARE_PRIVATE_EXTERN = YES;
				GCC_OPTIMIZATION_LEVEL = 0;
				GCC_PRECOMPILE_PREFIX_HEADER = YES;
				GCC_PREFIX_HEADER = "Cinder-AvfImpl_Prefix.pch";
				GCC_PREPROCESSOR_DEFINITIONS = (
					"DEBUG=1",
					"$(inherited)",
				);
				GCC_SYMBOLS_PRIVATE_EXTERN = NO;
				INFOPLIST_FILE = Info.plist;
				INSTALL_PATH = "$(HOME)/Applications";
				OTHER_LDFLAGS = "\"$(CINDER_PATH)/lib/libcinder_d.a\"";
				PRODUCT_NAME = "Cinder-AvfImpl";
				SYMROOT = ./build;
				WRAPPER_EXTENSION = app;
			};
			name = Debug;
		};
		C01FCF4C08A954540054247B /* Release */ = {
			isa = XCBuildConfiguration;
			buildSettings = {
				COMBINE_HIDPI_IMAGES = YES;
				DEAD_CODE_STRIPPING = YES;
				DEBUG_INFORMATION_FORMAT = "dwarf-with-dsym";
				GCC_FAST_MATH = YES;
				GCC_GENERATE_DEBUGGING_SYMBOLS = NO;
				GCC_INLINES_ARE_PRIVATE_EXTERN = YES;
				GCC_OPTIMIZATION_LEVEL = 3;
				GCC_PRECOMPILE_PREFIX_HEADER = YES;
				GCC_PREFIX_HEADER = "Cinder-AvfImpl_Prefix.pch";
				GCC_SYMBOLS_PRIVATE_EXTERN = NO;
				INFOPLIST_FILE = Info.plist;
				INSTALL_PATH = "$(HOME)/Applications";
				OTHER_LDFLAGS = "\"$(CINDER_PATH)/lib/libcinder.a\"";
				PRODUCT_NAME = "Cinder-AvfImpl";
				STRIP_INSTALLED_PRODUCT = YES;
				SYMROOT = ./build;
				WRAPPER_EXTENSION = app;
			};
			name = Release;
		};
		C01FCF4F08A954540054247B /* Debug */ = {
			isa = XCBuildConfiguration;
			buildSettings = {
				ALWAYS_SEARCH_USER_PATHS = NO;
				ARCHS = i386;
				CINDER_PATH = ../../Cinder/cinder_0.8.5_mac;
				CLANG_CXX_LANGUAGE_STANDARD = "c++0x";
				CLANG_CXX_LIBRARY = "libc++";
				GCC_WARN_ABOUT_RETURN_TYPE = YES;
				GCC_WARN_UNUSED_VARIABLE = YES;
				HEADER_SEARCH_PATHS = "\"$(CINDER_PATH)/boost\"";
				MACOSX_DEPLOYMENT_TARGET = 10.7;
				SDKROOT = macosx;
				USER_HEADER_SEARCH_PATHS = "\"$(CINDER_PATH)/include\" ../include";
			};
			name = Debug;
		};
		C01FCF5008A954540054247B /* Release */ = {
			isa = XCBuildConfiguration;
			buildSettings = {
				ALWAYS_SEARCH_USER_PATHS = NO;
				ARCHS = i386;
				CINDER_PATH = ../../Cinder/cinder_0.8.5_mac;
				CLANG_CXX_LANGUAGE_STANDARD = "c++0x";
				CLANG_CXX_LIBRARY = "libc++";
				GCC_WARN_ABOUT_RETURN_TYPE = YES;
				GCC_WARN_UNUSED_VARIABLE = YES;
				HEADER_SEARCH_PATHS = "\"$(CINDER_PATH)/boost\"";
				MACOSX_DEPLOYMENT_TARGET = 10.7;
				SDKROOT = macosx;
				USER_HEADER_SEARCH_PATHS = "\"$(CINDER_PATH)/include\" ../include";
			};
			name = Release;
		};
/* End XCBuildConfiguration section */

/* Begin XCConfigurationList section */
		3CA87C24178B05D900B4C712 /* Build configuration list for PBXNativeTarget "MovieSurfaceTest" */ = {
			isa = XCConfigurationList;
			buildConfigurations = (
				3CA87C25178B05D900B4C712 /* Debug */,
				3CA87C26178B05D900B4C712 /* Release */,
			);
			defaultConfigurationIsVisible = 0;
			defaultConfigurationName = Release;
		};
		3CA87C3D178B066D00B4C712 /* Build configuration list for PBXNativeTarget "MovieLoaderTest" */ = {
			isa = XCConfigurationList;
			buildConfigurations = (
				3CA87C3E178B066D00B4C712 /* Debug */,
				3CA87C3F178B066D00B4C712 /* Release */,
			);
			defaultConfigurationIsVisible = 0;
			defaultConfigurationName = Release;
		};
		3CA87C56178B077300B4C712 /* Build configuration list for PBXNativeTarget "MovieGlTest" */ = {
			isa = XCConfigurationList;
			buildConfigurations = (
				3CA87C57178B077300B4C712 /* Debug */,
				3CA87C58178B077300B4C712 /* Release */,
			);
			defaultConfigurationIsVisible = 0;
			defaultConfigurationName = Release;
		};
		C01FCF4A08A954540054247B /* Build configuration list for PBXNativeTarget "Cinder-AvfImpl" */ = {
			isa = XCConfigurationList;
			buildConfigurations = (
				C01FCF4B08A954540054247B /* Debug */,
				C01FCF4C08A954540054247B /* Release */,
			);
			defaultConfigurationIsVisible = 0;
			defaultConfigurationName = Release;
		};
		C01FCF4E08A954540054247B /* Build configuration list for PBXProject "Cinder-AvfImpl" */ = {
			isa = XCConfigurationList;
			buildConfigurations = (
				C01FCF4F08A954540054247B /* Debug */,
				C01FCF5008A954540054247B /* Release */,
			);
			defaultConfigurationIsVisible = 0;
			defaultConfigurationName = Release;
		};
/* End XCConfigurationList section */
	};
	rootObject = 29B97313FDCFA39411CA2CEA /* Project object */;
}
